
Microsoft Visual Studio Solution File, Format Version 12.00
# Visual Studio 15
VisualStudioVersion = 15.0.28010.2003
MinimumVisualStudioVersion = 10.0.40219.1
Project("{8BC9CEB8-8B4A-11D0-8D11-00A0C91BC942}") = "C++StudyRobbin", "C++StudyRobbin\C++StudyRobbin.vcxproj", "{56BF3EF5-37AD-4651-B441-5BE0F28A2898}"
EndProject
Project("{8BC9CEB8-8B4A-11D0-8D11-00A0C91BC942}") = "day02", "day02\day02.vcxproj", "{50EFF957-1486-4DAA-B610-0939D9A39BC7}"
EndProject
Project("{8BC9CEB8-8B4A-11D0-8D11-00A0C91BC942}") = "day03", "day03\day03.vcxproj", "{3CC74BAE-DDD5-4F7A-BA86-E4AED7E259B3}"
EndProject
Project("{8BC9CEB8-8B4A-11D0-8D11-00A0C91BC942}") = "二级指针三种内存模型", "二级指针三种内存模型\二级指针三种内存模型.vcxproj", "{3787C906-CAE7-46FE-BE84-A600F1F92E82}"
EndProject
Project("{8BC9CEB8-8B4A-11D0-8D11-00A0C91BC942}") = "链表课堂操练", "链表课堂操练\链表课堂操练.vcxproj", "{08CD5F3C-F959-4734-84D5-F9F2192CE323}"
EndProject
Project("{8BC9CEB8-8B4A-11D0-8D11-00A0C91BC942}") = "kernerlist", "kernerlist\kernerlist.vcxproj", "{F7724E2A-7030-49C1-9D8A-9944B6757A5E}"
EndProject
Project("{8BC9CEB8-8B4A-11D0-8D11-00A0C91BC942}") = "C++ 20140514 企业级财富库 (一) 线性表", "企业级链表测试\企业级链表测试.vcxproj", "{CC2608CB-EC48-4963-A2B9-8A5F4E98B87C}"
EndProject
Project("{8BC9CEB8-8B4A-11D0-8D11-00A0C91BC942}") = "C++ 20140429", "C++ 20140429\C++ 20140429.vcxproj", "{0DDC85FD-141C-4DE9-ABB7-E61678B97849}"
EndProject
Project("{8BC9CEB8-8B4A-11D0-8D11-00A0C91BC942}") = "C++ 20150428 引用", "C++ 20150428\C++ 20150428.vcxproj", "{9BB98DB1-6367-4957-A52F-8B0CEF016E1A}"
EndProject
Project("{8BC9CEB8-8B4A-11D0-8D11-00A0C91BC942}") = "C++20140422_day05_结构体", "C++20140422_day05\C++20140422_day05.vcxproj", "{AF16582C-885F-411B-B89B-2065D8815AE2}"
EndProject
Project("{8BC9CEB8-8B4A-11D0-8D11-00A0C91BC942}") = "C++ 20140430 结构体读写", "C++ 20140430 结构体读写\C++ 20140430 结构体读写.vcxproj", "{A4080DD8-AEFE-44EC-9B4D-12E8C925DB3B}"
EndProject
Project("{8BC9CEB8-8B4A-11D0-8D11-00A0C91BC942}") = "C++面向对象（构造与析构函数）", "C++ 20150505 面向对象\C++ 20150505 面向对象.vcxproj", "{7C08E2A2-3820-4C95-B1AC-59632FE409E0}"
EndProject
Project("{8BC9CEB8-8B4A-11D0-8D11-00A0C91BC942}") = "Blog Demo", "Blog Demo\Blog Demo.vcxproj", "{FAF6F856-BC1F-4358-85AE-B57F638F352A}"
EndProject
Project("{8BC9CEB8-8B4A-11D0-8D11-00A0C91BC942}") = "C++ 20140506 类", "C++ 20140506 类\C++ 20140506 类.vcxproj", "{DC775222-7C57-4073-A881-77D4049946D8}"
EndProject
Project("{8BC9CEB8-8B4A-11D0-8D11-00A0C91BC942}") = "C++2014008_封闭继承", "C++2014008_day15_封闭继承\C++2014008_day15_封闭继承.vcxproj", "{742A0930-6406-4E96-99CD-ABAAE8FFD03E}"
EndProject
Project("{8BC9CEB8-8B4A-11D0-8D11-00A0C91BC942}") = "C++面向对象(多态)", "C++20150510 面向对象\C++20150510 面向对象.vcxproj", "{32DA55C1-378E-4C99-87C7-AF3EDF019827}"
EndProject
Project("{8BC9CEB8-8B4A-11D0-8D11-00A0C91BC942}") = "socket抽象类的工程应用", "socket抽象类的工程应用\socket抽象类的工程应用.vcxproj", "{80CEF0D2-ABCF-4498-96BB-5F468AF9D7A6}"
EndProject
Project("{8BC9CEB8-8B4A-11D0-8D11-00A0C91BC942}") = "C++ 20150413 标准库", "C++ 20150413 标准库\C++ 20150413 标准库.vcxproj", "{1FF3FA28-F923-4968-B439-A06DF667C726}"
EndProject
Project("{8BC9CEB8-8B4A-11D0-8D11-00A0C91BC942}") = "C++ 20150516 企业级财富库（二) 链表堆栈", "C++ 20150516 企业级财富库\C++ 20150516 企业级财富库.vcxproj", "{9DB8C2C9-981D-440F-B19A-60740934A826}"
EndProject
Project("{8BC9CEB8-8B4A-11D0-8D11-00A0C91BC942}") = "C++ 算法与数据结构-排序", "C++ 20140519 排序\C++ 20140519 排序.vcxproj", "{B0D3F4A2-5598-40C6-833C-1BD174273411}"
EndProject
Project("{8BC9CEB8-8B4A-11D0-8D11-00A0C91BC942}") = "C++模板技术 泛型", "C++ 20150611 函数指针 泛型\C++ 20150611 函数指针 泛型.vcxproj", "{231B67EA-403D-4FAA-B4A0-A0E8E02E7495}"
EndProject
Project("{8BC9CEB8-8B4A-11D0-8D11-00A0C91BC942}") = "MFC应用程序动态加载dll项目", "MFC应用程序动态加载dll项目\MFC应用程序动态加载dll项目.vcxproj", "{D6671ADD-4FA4-4826-9232-17E81A750545}"
EndProject
Project("{8BC9CEB8-8B4A-11D0-8D11-00A0C91BC942}") = "socketclient-起点", "socketclient\socketclient.vcxproj", "{E6094FED-6235-479E-8D83-05D321F62D31}"
EndProject
Project("{8BC9CEB8-8B4A-11D0-8D11-00A0C91BC942}") = "socketclient-测试", "sockeclient-测试\sockeclient-测试.vcxproj", "{CD733797-8A91-486E-9679-6E03E3E90094}"
EndProject
Project("{8BC9CEB8-8B4A-11D0-8D11-00A0C91BC942}") = "C++ 20150517 企业级财富库 (三）队列", "C++ 20150517 企业级财富库(二)\C++ 20150517 企业级财富库(二).vcxproj", "{E880632F-FDBC-48E4-9A44-69210FF07BBA}"
EndProject
Project("{8BC9CEB8-8B4A-11D0-8D11-00A0C91BC942}") = "C++ 20150601 Socket", "C++ 20150601 socket\C++ 20150601 socket.vcxproj", "{0C9FE714-0C12-4A44-8209-DC7C54758931}"
EndProject
Project("{8BC9CEB8-8B4A-11D0-8D11-00A0C91BC942}") = "C++ 20150619 http-server-1", "C++ 20150619 http-server-1\C++ 20150619 http-server-1.vcxproj", "{36E1C16B-DDB8-46BD-BDB8-94586F5AECC1}"
EndProject
Project("{8BC9CEB8-8B4A-11D0-8D11-00A0C91BC942}") = "filetransfer-tcp", "filetransfer-tcp\filetransfer-tcp.vcxproj", "{82142D01-F581-495B-ADAC-51781B68D382}"
EndProject
Project("{8BC9CEB8-8B4A-11D0-8D11-00A0C91BC942}") = "C++ 20140601 网络编程（一)", "C++ 20140601 网络编程（一)\C++ 20140601 网络编程（一).vcxproj", "{AC073B1C-9113-4E29-8383-523CA95D39FF}"
EndProject
Project("{8BC9CEB8-8B4A-11D0-8D11-00A0C91BC942}") = "openAdversize", "openAdversize\openAdversize.vcxproj", "{7BA1C440-D3D6-4E7C-AF5C-65FB71B60E76}"
EndProject
Project("{8BC9CEB8-8B4A-11D0-8D11-00A0C91BC942}") = "C语言提高-结构体", "C语言提高-结构体\C语言提高-结构体.vcxproj", "{9E23B40D-4D19-4BA4-98E1-806BDEB23D62}"
EndProject
Project("{8BC9CEB8-8B4A-11D0-8D11-00A0C91BC942}") = "C语言提高-配置文件读写", "C语言提高-配置文件读写\C语言提高-配置文件读写.vcxproj", "{49A73FC5-E59A-405F-801D-A6A18EF93C0A}"
EndProject
Project("{8BC9CEB8-8B4A-11D0-8D11-00A0C91BC942}") = "C语言提高-动态库", "C语言提高-动态库\C语言提高-动态库.vcxproj", "{5D4C29C0-F3D1-4B0D-9CA9-B504703CED3C}"
EndProject
Project("{8BC9CEB8-8B4A-11D0-8D11-00A0C91BC942}") = "socketclientrobbin", "socketclientrobbin\socketclientrobbin.vcxproj", "{2D6D81C9-BB06-41FB-816B-FB4F663C3F11}"
EndProject
Project("{8BC9CEB8-8B4A-11D0-8D11-00A0C91BC942}") = "socketclientrobbin动态库测试", "socketclientrobbin动态库测试\socketclientrobbin动态库测试.vcxproj", "{0F45982D-3497-4095-A973-C2DC98A65D4C}"
EndProject
Project("{8BC9CEB8-8B4A-11D0-8D11-00A0C91BC942}") = "C语言提高-链表", "C语言提高-链表\C语言提高-链表.vcxproj", "{149D23A1-C0A9-4BBC-B679-4E99A47588AB}"
EndProject
Project("{8BC9CEB8-8B4A-11D0-8D11-00A0C91BC942}") = "downloadlist", "ConsoleApplication1\ConsoleApplication1.vcxproj", "{AA71A5FB-64D7-475D-A8EB-2438F0AB5829}"
EndProject
Project("{8BC9CEB8-8B4A-11D0-8D11-00A0C91BC942}") = "cJSONFiles", "cJSONFiles\cJSONFiles.vcxproj", "{A3EC4A22-76B7-47AC-8D6D-3F3A1390B780}"
EndProject
Project("{8BC9CEB8-8B4A-11D0-8D11-00A0C91BC942}") = "CProblemResolver", "CProblemResolver\CProblemResolver.vcxproj", "{9EBDF6DF-0748-487F-A699-8D373BF7A4D8}"
EndProject
Project("{8BC9CEB8-8B4A-11D0-8D11-00A0C91BC942}") = "C语言文件操作", "C语言文件操作\C语言文件操作.vcxproj", "{20A0E8B5-C0D8-44C8-9B47-C48D7A9B420B}"
EndProject
Project("{8BC9CEB8-8B4A-11D0-8D11-00A0C91BC942}") = "C语言提高-基础", "C语言提高-基础\C语言提高-基础.vcxproj", "{F15B7EB9-D3F9-4352-BDF1-4FC3D72794DE}"
EndProject
Project("{8BC9CEB8-8B4A-11D0-8D11-00A0C91BC942}") = "C语言提高-字符串处理", "C语言提高-字符串处理\C语言提高-字符串处理.vcxproj", "{0F62D39C-A483-4296-A162-82537F0897D7}"
EndProject
Project("{8BC9CEB8-8B4A-11D0-8D11-00A0C91BC942}") = "C语言提高-指针", "ConsoleApplication2\ConsoleApplication2.vcxproj", "{D13BB96E-6B37-48C3-8F23-A0578FCC6DA6}"
EndProject
Project("{8BC9CEB8-8B4A-11D0-8D11-00A0C91BC942}") = "C语言-并发编程", "C语言-并发编程\C语言-并发编程.vcxproj", "{3B2634A7-6031-4794-BFC9-CF90DB78DBD7}"
EndProject
Project("{8BC9CEB8-8B4A-11D0-8D11-00A0C91BC942}") = "thefoxframework-master", "thefoxframework-master\thefoxframework-master.vcxproj", "{DD9D8F30-CC13-4615-B8A0-0EE03FAD1C03}"
EndProject
Project("{8BC9CEB8-8B4A-11D0-8D11-00A0C91BC942}") = "C++日期与时间", "C++-日期与时间\C++-日期与时间.vcxproj", "{8E9E64AC-EFB7-418C-8391-FC0B5BDEAC96}"
EndProject
Project("{8BC9CEB8-8B4A-11D0-8D11-00A0C91BC942}") = "C++ 新特性", "C++11新特性\C++11新特性.vcxproj", "{C7A403D4-79E9-4434-BE37-0928C950F177}"
EndProject
Project("{8BC9CEB8-8B4A-11D0-8D11-00A0C91BC942}") = "C++ 智能指针", "C++ 智能指针\C++ 智能指针.vcxproj", "{17F25E36-ECFA-41B9-8695-F6D5306D38D7}"
EndProject
Project("{8BC9CEB8-8B4A-11D0-8D11-00A0C91BC942}") = "C++ 基本数据类型处理", "C++ 数据类型处理\C++ 数据类型处理.vcxproj", "{083E9353-D751-4E77-8310-E637D76C03C9}"
EndProject
Project("{8BC9CEB8-8B4A-11D0-8D11-00A0C91BC942}") = "C++ 面向对象（拷贝构造与赋值）", "C++ 面向对象（拷贝构造与赋值）\C++ 面向对象（拷贝构造与赋值）.vcxproj", "{DA8AF69D-BDA0-42C2-8689-F1497AF6FCBC}"
EndProject
Global
	GlobalSection(SolutionConfigurationPlatforms) = preSolution
		Debug|Any CPU = Debug|Any CPU
		Debug|Mixed Platforms = Debug|Mixed Platforms
		Debug|Win32 = Debug|Win32
		Debug|x64 = Debug|x64
		Release|Any CPU = Release|Any CPU
		Release|Mixed Platforms = Release|Mixed Platforms
		Release|Win32 = Release|Win32
		Release|x64 = Release|x64
	EndGlobalSection
	GlobalSection(ProjectConfigurationPlatforms) = postSolution
		{56BF3EF5-37AD-4651-B441-5BE0F28A2898}.Debug|Any CPU.ActiveCfg = Debug|Win32
		{56BF3EF5-37AD-4651-B441-5BE0F28A2898}.Debug|Mixed Platforms.ActiveCfg = Debug|Win32
		{56BF3EF5-37AD-4651-B441-5BE0F28A2898}.Debug|Mixed Platforms.Build.0 = Debug|Win32
		{56BF3EF5-37AD-4651-B441-5BE0F28A2898}.Debug|Win32.ActiveCfg = Debug|Win32
		{56BF3EF5-37AD-4651-B441-5BE0F28A2898}.Debug|Win32.Build.0 = Debug|Win32
		{56BF3EF5-37AD-4651-B441-5BE0F28A2898}.Debug|x64.ActiveCfg = Debug|Win32
		{56BF3EF5-37AD-4651-B441-5BE0F28A2898}.Release|Any CPU.ActiveCfg = Release|Win32
		{56BF3EF5-37AD-4651-B441-5BE0F28A2898}.Release|Mixed Platforms.ActiveCfg = Release|Win32
		{56BF3EF5-37AD-4651-B441-5BE0F28A2898}.Release|Mixed Platforms.Build.0 = Release|Win32
		{56BF3EF5-37AD-4651-B441-5BE0F28A2898}.Release|Win32.ActiveCfg = Release|Win32
		{56BF3EF5-37AD-4651-B441-5BE0F28A2898}.Release|Win32.Build.0 = Release|Win32
		{56BF3EF5-37AD-4651-B441-5BE0F28A2898}.Release|x64.ActiveCfg = Release|Win32
		{50EFF957-1486-4DAA-B610-0939D9A39BC7}.Debug|Any CPU.ActiveCfg = Debug|Win32
		{50EFF957-1486-4DAA-B610-0939D9A39BC7}.Debug|Mixed Platforms.ActiveCfg = Debug|Win32
		{50EFF957-1486-4DAA-B610-0939D9A39BC7}.Debug|Mixed Platforms.Build.0 = Debug|Win32
		{50EFF957-1486-4DAA-B610-0939D9A39BC7}.Debug|Win32.ActiveCfg = Debug|Win32
		{50EFF957-1486-4DAA-B610-0939D9A39BC7}.Debug|Win32.Build.0 = Debug|Win32
		{50EFF957-1486-4DAA-B610-0939D9A39BC7}.Debug|x64.ActiveCfg = Debug|Win32
		{50EFF957-1486-4DAA-B610-0939D9A39BC7}.Release|Any CPU.ActiveCfg = Release|Win32
		{50EFF957-1486-4DAA-B610-0939D9A39BC7}.Release|Mixed Platforms.ActiveCfg = Release|Win32
		{50EFF957-1486-4DAA-B610-0939D9A39BC7}.Release|Mixed Platforms.Build.0 = Release|Win32
		{50EFF957-1486-4DAA-B610-0939D9A39BC7}.Release|Win32.ActiveCfg = Release|Win32
		{50EFF957-1486-4DAA-B610-0939D9A39BC7}.Release|Win32.Build.0 = Release|Win32
		{50EFF957-1486-4DAA-B610-0939D9A39BC7}.Release|x64.ActiveCfg = Release|Win32
		{3CC74BAE-DDD5-4F7A-BA86-E4AED7E259B3}.Debug|Any CPU.ActiveCfg = Debug|Win32
		{3CC74BAE-DDD5-4F7A-BA86-E4AED7E259B3}.Debug|Mixed Platforms.ActiveCfg = Debug|Win32
		{3CC74BAE-DDD5-4F7A-BA86-E4AED7E259B3}.Debug|Mixed Platforms.Build.0 = Debug|Win32
		{3CC74BAE-DDD5-4F7A-BA86-E4AED7E259B3}.Debug|Win32.ActiveCfg = Debug|Win32
		{3CC74BAE-DDD5-4F7A-BA86-E4AED7E259B3}.Debug|Win32.Build.0 = Debug|Win32
		{3CC74BAE-DDD5-4F7A-BA86-E4AED7E259B3}.Debug|x64.ActiveCfg = Debug|Win32
		{3CC74BAE-DDD5-4F7A-BA86-E4AED7E259B3}.Release|Any CPU.ActiveCfg = Release|Win32
		{3CC74BAE-DDD5-4F7A-BA86-E4AED7E259B3}.Release|Mixed Platforms.ActiveCfg = Release|Win32
		{3CC74BAE-DDD5-4F7A-BA86-E4AED7E259B3}.Release|Mixed Platforms.Build.0 = Release|Win32
		{3CC74BAE-DDD5-4F7A-BA86-E4AED7E259B3}.Release|Win32.ActiveCfg = Release|Win32
		{3CC74BAE-DDD5-4F7A-BA86-E4AED7E259B3}.Release|Win32.Build.0 = Release|Win32
		{3CC74BAE-DDD5-4F7A-BA86-E4AED7E259B3}.Release|x64.ActiveCfg = Release|Win32
		{3787C906-CAE7-46FE-BE84-A600F1F92E82}.Debug|Any CPU.ActiveCfg = Debug|Win32
		{3787C906-CAE7-46FE-BE84-A600F1F92E82}.Debug|Mixed Platforms.ActiveCfg = Debug|Win32
		{3787C906-CAE7-46FE-BE84-A600F1F92E82}.Debug|Mixed Platforms.Build.0 = Debug|Win32
		{3787C906-CAE7-46FE-BE84-A600F1F92E82}.Debug|Win32.ActiveCfg = Debug|Win32
		{3787C906-CAE7-46FE-BE84-A600F1F92E82}.Debug|Win32.Build.0 = Debug|Win32
		{3787C906-CAE7-46FE-BE84-A600F1F92E82}.Debug|x64.ActiveCfg = Debug|Win32
		{3787C906-CAE7-46FE-BE84-A600F1F92E82}.Release|Any CPU.ActiveCfg = Release|Win32
		{3787C906-CAE7-46FE-BE84-A600F1F92E82}.Release|Mixed Platforms.ActiveCfg = Release|Win32
		{3787C906-CAE7-46FE-BE84-A600F1F92E82}.Release|Mixed Platforms.Build.0 = Release|Win32
		{3787C906-CAE7-46FE-BE84-A600F1F92E82}.Release|Win32.ActiveCfg = Release|Win32
		{3787C906-CAE7-46FE-BE84-A600F1F92E82}.Release|Win32.Build.0 = Release|Win32
		{3787C906-CAE7-46FE-BE84-A600F1F92E82}.Release|x64.ActiveCfg = Release|Win32
		{08CD5F3C-F959-4734-84D5-F9F2192CE323}.Debug|Any CPU.ActiveCfg = Debug|Win32
		{08CD5F3C-F959-4734-84D5-F9F2192CE323}.Debug|Mixed Platforms.ActiveCfg = Debug|Win32
		{08CD5F3C-F959-4734-84D5-F9F2192CE323}.Debug|Mixed Platforms.Build.0 = Debug|Win32
		{08CD5F3C-F959-4734-84D5-F9F2192CE323}.Debug|Win32.ActiveCfg = Debug|Win32
		{08CD5F3C-F959-4734-84D5-F9F2192CE323}.Debug|Win32.Build.0 = Debug|Win32
		{08CD5F3C-F959-4734-84D5-F9F2192CE323}.Debug|x64.ActiveCfg = Debug|Win32
		{08CD5F3C-F959-4734-84D5-F9F2192CE323}.Release|Any CPU.ActiveCfg = Release|Win32
		{08CD5F3C-F959-4734-84D5-F9F2192CE323}.Release|Mixed Platforms.ActiveCfg = Release|Win32
		{08CD5F3C-F959-4734-84D5-F9F2192CE323}.Release|Mixed Platforms.Build.0 = Release|Win32
		{08CD5F3C-F959-4734-84D5-F9F2192CE323}.Release|Win32.ActiveCfg = Release|Win32
		{08CD5F3C-F959-4734-84D5-F9F2192CE323}.Release|Win32.Build.0 = Release|Win32
		{08CD5F3C-F959-4734-84D5-F9F2192CE323}.Release|x64.ActiveCfg = Release|Win32
		{F7724E2A-7030-49C1-9D8A-9944B6757A5E}.Debug|Any CPU.ActiveCfg = Debug|Win32
		{F7724E2A-7030-49C1-9D8A-9944B6757A5E}.Debug|Mixed Platforms.ActiveCfg = Debug|Win32
		{F7724E2A-7030-49C1-9D8A-9944B6757A5E}.Debug|Mixed Platforms.Build.0 = Debug|Win32
		{F7724E2A-7030-49C1-9D8A-9944B6757A5E}.Debug|Win32.ActiveCfg = Debug|Win32
		{F7724E2A-7030-49C1-9D8A-9944B6757A5E}.Debug|Win32.Build.0 = Debug|Win32
		{F7724E2A-7030-49C1-9D8A-9944B6757A5E}.Debug|x64.ActiveCfg = Debug|Win32
		{F7724E2A-7030-49C1-9D8A-9944B6757A5E}.Release|Any CPU.ActiveCfg = Release|Win32
		{F7724E2A-7030-49C1-9D8A-9944B6757A5E}.Release|Mixed Platforms.ActiveCfg = Release|Win32
		{F7724E2A-7030-49C1-9D8A-9944B6757A5E}.Release|Mixed Platforms.Build.0 = Release|Win32
		{F7724E2A-7030-49C1-9D8A-9944B6757A5E}.Release|Win32.ActiveCfg = Release|Win32
		{F7724E2A-7030-49C1-9D8A-9944B6757A5E}.Release|Win32.Build.0 = Release|Win32
		{F7724E2A-7030-49C1-9D8A-9944B6757A5E}.Release|x64.ActiveCfg = Release|Win32
		{CC2608CB-EC48-4963-A2B9-8A5F4E98B87C}.Debug|Any CPU.ActiveCfg = Debug|Win32
		{CC2608CB-EC48-4963-A2B9-8A5F4E98B87C}.Debug|Mixed Platforms.ActiveCfg = Debug|Win32
		{CC2608CB-EC48-4963-A2B9-8A5F4E98B87C}.Debug|Mixed Platforms.Build.0 = Debug|Win32
		{CC2608CB-EC48-4963-A2B9-8A5F4E98B87C}.Debug|Win32.ActiveCfg = Debug|Win32
		{CC2608CB-EC48-4963-A2B9-8A5F4E98B87C}.Debug|Win32.Build.0 = Debug|Win32
		{CC2608CB-EC48-4963-A2B9-8A5F4E98B87C}.Debug|x64.ActiveCfg = Debug|Win32
		{CC2608CB-EC48-4963-A2B9-8A5F4E98B87C}.Release|Any CPU.ActiveCfg = Release|Win32
		{CC2608CB-EC48-4963-A2B9-8A5F4E98B87C}.Release|Mixed Platforms.ActiveCfg = Release|Win32
		{CC2608CB-EC48-4963-A2B9-8A5F4E98B87C}.Release|Mixed Platforms.Build.0 = Release|Win32
		{CC2608CB-EC48-4963-A2B9-8A5F4E98B87C}.Release|Win32.ActiveCfg = Release|Win32
		{CC2608CB-EC48-4963-A2B9-8A5F4E98B87C}.Release|Win32.Build.0 = Release|Win32
		{CC2608CB-EC48-4963-A2B9-8A5F4E98B87C}.Release|x64.ActiveCfg = Release|Win32
		{0DDC85FD-141C-4DE9-ABB7-E61678B97849}.Debug|Any CPU.ActiveCfg = Debug|Win32
		{0DDC85FD-141C-4DE9-ABB7-E61678B97849}.Debug|Mixed Platforms.ActiveCfg = Debug|Win32
		{0DDC85FD-141C-4DE9-ABB7-E61678B97849}.Debug|Mixed Platforms.Build.0 = Debug|Win32
		{0DDC85FD-141C-4DE9-ABB7-E61678B97849}.Debug|Win32.ActiveCfg = Debug|Win32
		{0DDC85FD-141C-4DE9-ABB7-E61678B97849}.Debug|Win32.Build.0 = Debug|Win32
		{0DDC85FD-141C-4DE9-ABB7-E61678B97849}.Debug|x64.ActiveCfg = Debug|Win32
		{0DDC85FD-141C-4DE9-ABB7-E61678B97849}.Release|Any CPU.ActiveCfg = Release|Win32
		{0DDC85FD-141C-4DE9-ABB7-E61678B97849}.Release|Mixed Platforms.ActiveCfg = Release|Win32
		{0DDC85FD-141C-4DE9-ABB7-E61678B97849}.Release|Mixed Platforms.Build.0 = Release|Win32
		{0DDC85FD-141C-4DE9-ABB7-E61678B97849}.Release|Win32.ActiveCfg = Release|Win32
		{0DDC85FD-141C-4DE9-ABB7-E61678B97849}.Release|Win32.Build.0 = Release|Win32
		{0DDC85FD-141C-4DE9-ABB7-E61678B97849}.Release|x64.ActiveCfg = Release|Win32
		{9BB98DB1-6367-4957-A52F-8B0CEF016E1A}.Debug|Any CPU.ActiveCfg = Debug|Win32
		{9BB98DB1-6367-4957-A52F-8B0CEF016E1A}.Debug|Mixed Platforms.ActiveCfg = Debug|Win32
		{9BB98DB1-6367-4957-A52F-8B0CEF016E1A}.Debug|Mixed Platforms.Build.0 = Debug|Win32
		{9BB98DB1-6367-4957-A52F-8B0CEF016E1A}.Debug|Win32.ActiveCfg = Debug|Win32
		{9BB98DB1-6367-4957-A52F-8B0CEF016E1A}.Debug|Win32.Build.0 = Debug|Win32
		{9BB98DB1-6367-4957-A52F-8B0CEF016E1A}.Debug|x64.ActiveCfg = Debug|Win32
		{9BB98DB1-6367-4957-A52F-8B0CEF016E1A}.Release|Any CPU.ActiveCfg = Release|Win32
		{9BB98DB1-6367-4957-A52F-8B0CEF016E1A}.Release|Mixed Platforms.ActiveCfg = Release|Win32
		{9BB98DB1-6367-4957-A52F-8B0CEF016E1A}.Release|Mixed Platforms.Build.0 = Release|Win32
		{9BB98DB1-6367-4957-A52F-8B0CEF016E1A}.Release|Win32.ActiveCfg = Release|Win32
		{9BB98DB1-6367-4957-A52F-8B0CEF016E1A}.Release|Win32.Build.0 = Release|Win32
		{9BB98DB1-6367-4957-A52F-8B0CEF016E1A}.Release|x64.ActiveCfg = Release|Win32
		{AF16582C-885F-411B-B89B-2065D8815AE2}.Debug|Any CPU.ActiveCfg = Debug|Win32
		{AF16582C-885F-411B-B89B-2065D8815AE2}.Debug|Mixed Platforms.ActiveCfg = Debug|Win32
		{AF16582C-885F-411B-B89B-2065D8815AE2}.Debug|Mixed Platforms.Build.0 = Debug|Win32
		{AF16582C-885F-411B-B89B-2065D8815AE2}.Debug|Win32.ActiveCfg = Debug|Win32
		{AF16582C-885F-411B-B89B-2065D8815AE2}.Debug|Win32.Build.0 = Debug|Win32
		{AF16582C-885F-411B-B89B-2065D8815AE2}.Debug|x64.ActiveCfg = Debug|Win32
		{AF16582C-885F-411B-B89B-2065D8815AE2}.Release|Any CPU.ActiveCfg = Release|Win32
		{AF16582C-885F-411B-B89B-2065D8815AE2}.Release|Mixed Platforms.ActiveCfg = Release|Win32
		{AF16582C-885F-411B-B89B-2065D8815AE2}.Release|Mixed Platforms.Build.0 = Release|Win32
		{AF16582C-885F-411B-B89B-2065D8815AE2}.Release|Win32.ActiveCfg = Release|Win32
		{AF16582C-885F-411B-B89B-2065D8815AE2}.Release|Win32.Build.0 = Release|Win32
		{AF16582C-885F-411B-B89B-2065D8815AE2}.Release|x64.ActiveCfg = Release|Win32
		{A4080DD8-AEFE-44EC-9B4D-12E8C925DB3B}.Debug|Any CPU.ActiveCfg = Debug|Win32
		{A4080DD8-AEFE-44EC-9B4D-12E8C925DB3B}.Debug|Mixed Platforms.ActiveCfg = Debug|Win32
		{A4080DD8-AEFE-44EC-9B4D-12E8C925DB3B}.Debug|Mixed Platforms.Build.0 = Debug|Win32
		{A4080DD8-AEFE-44EC-9B4D-12E8C925DB3B}.Debug|Win32.ActiveCfg = Debug|Win32
		{A4080DD8-AEFE-44EC-9B4D-12E8C925DB3B}.Debug|Win32.Build.0 = Debug|Win32
		{A4080DD8-AEFE-44EC-9B4D-12E8C925DB3B}.Debug|x64.ActiveCfg = Debug|Win32
		{A4080DD8-AEFE-44EC-9B4D-12E8C925DB3B}.Release|Any CPU.ActiveCfg = Release|Win32
		{A4080DD8-AEFE-44EC-9B4D-12E8C925DB3B}.Release|Mixed Platforms.ActiveCfg = Release|Win32
		{A4080DD8-AEFE-44EC-9B4D-12E8C925DB3B}.Release|Mixed Platforms.Build.0 = Release|Win32
		{A4080DD8-AEFE-44EC-9B4D-12E8C925DB3B}.Release|Win32.ActiveCfg = Release|Win32
		{A4080DD8-AEFE-44EC-9B4D-12E8C925DB3B}.Release|Win32.Build.0 = Release|Win32
		{A4080DD8-AEFE-44EC-9B4D-12E8C925DB3B}.Release|x64.ActiveCfg = Release|Win32
		{7C08E2A2-3820-4C95-B1AC-59632FE409E0}.Debug|Any CPU.ActiveCfg = Debug|Win32
		{7C08E2A2-3820-4C95-B1AC-59632FE409E0}.Debug|Mixed Platforms.ActiveCfg = Debug|Win32
		{7C08E2A2-3820-4C95-B1AC-59632FE409E0}.Debug|Mixed Platforms.Build.0 = Debug|Win32
		{7C08E2A2-3820-4C95-B1AC-59632FE409E0}.Debug|Win32.ActiveCfg = Debug|Win32
		{7C08E2A2-3820-4C95-B1AC-59632FE409E0}.Debug|Win32.Build.0 = Debug|Win32
		{7C08E2A2-3820-4C95-B1AC-59632FE409E0}.Debug|x64.ActiveCfg = Debug|Win32
		{7C08E2A2-3820-4C95-B1AC-59632FE409E0}.Release|Any CPU.ActiveCfg = Release|Win32
		{7C08E2A2-3820-4C95-B1AC-59632FE409E0}.Release|Mixed Platforms.ActiveCfg = Release|Win32
		{7C08E2A2-3820-4C95-B1AC-59632FE409E0}.Release|Mixed Platforms.Build.0 = Release|Win32
		{7C08E2A2-3820-4C95-B1AC-59632FE409E0}.Release|Win32.ActiveCfg = Release|Win32
		{7C08E2A2-3820-4C95-B1AC-59632FE409E0}.Release|Win32.Build.0 = Release|Win32
		{7C08E2A2-3820-4C95-B1AC-59632FE409E0}.Release|x64.ActiveCfg = Release|Win32
		{FAF6F856-BC1F-4358-85AE-B57F638F352A}.Debug|Any CPU.ActiveCfg = Debug|Win32
		{FAF6F856-BC1F-4358-85AE-B57F638F352A}.Debug|Mixed Platforms.ActiveCfg = Debug|Win32
		{FAF6F856-BC1F-4358-85AE-B57F638F352A}.Debug|Mixed Platforms.Build.0 = Debug|Win32
		{FAF6F856-BC1F-4358-85AE-B57F638F352A}.Debug|Win32.ActiveCfg = Debug|Win32
		{FAF6F856-BC1F-4358-85AE-B57F638F352A}.Debug|Win32.Build.0 = Debug|Win32
		{FAF6F856-BC1F-4358-85AE-B57F638F352A}.Debug|x64.ActiveCfg = Debug|Win32
		{FAF6F856-BC1F-4358-85AE-B57F638F352A}.Release|Any CPU.ActiveCfg = Release|Win32
		{FAF6F856-BC1F-4358-85AE-B57F638F352A}.Release|Mixed Platforms.ActiveCfg = Release|Win32
		{FAF6F856-BC1F-4358-85AE-B57F638F352A}.Release|Mixed Platforms.Build.0 = Release|Win32
		{FAF6F856-BC1F-4358-85AE-B57F638F352A}.Release|Win32.ActiveCfg = Release|Win32
		{FAF6F856-BC1F-4358-85AE-B57F638F352A}.Release|Win32.Build.0 = Release|Win32
		{FAF6F856-BC1F-4358-85AE-B57F638F352A}.Release|x64.ActiveCfg = Release|Win32
		{DC775222-7C57-4073-A881-77D4049946D8}.Debug|Any CPU.ActiveCfg = Debug|Win32
		{DC775222-7C57-4073-A881-77D4049946D8}.Debug|Mixed Platforms.ActiveCfg = Debug|Win32
		{DC775222-7C57-4073-A881-77D4049946D8}.Debug|Mixed Platforms.Build.0 = Debug|Win32
		{DC775222-7C57-4073-A881-77D4049946D8}.Debug|Win32.ActiveCfg = Debug|Win32
		{DC775222-7C57-4073-A881-77D4049946D8}.Debug|Win32.Build.0 = Debug|Win32
		{DC775222-7C57-4073-A881-77D4049946D8}.Debug|x64.ActiveCfg = Debug|Win32
		{DC775222-7C57-4073-A881-77D4049946D8}.Release|Any CPU.ActiveCfg = Release|Win32
		{DC775222-7C57-4073-A881-77D4049946D8}.Release|Mixed Platforms.ActiveCfg = Release|Win32
		{DC775222-7C57-4073-A881-77D4049946D8}.Release|Mixed Platforms.Build.0 = Release|Win32
		{DC775222-7C57-4073-A881-77D4049946D8}.Release|Win32.ActiveCfg = Release|Win32
		{DC775222-7C57-4073-A881-77D4049946D8}.Release|Win32.Build.0 = Release|Win32
		{DC775222-7C57-4073-A881-77D4049946D8}.Release|x64.ActiveCfg = Release|Win32
		{742A0930-6406-4E96-99CD-ABAAE8FFD03E}.Debug|Any CPU.ActiveCfg = Debug|Win32
		{742A0930-6406-4E96-99CD-ABAAE8FFD03E}.Debug|Mixed Platforms.ActiveCfg = Debug|Win32
		{742A0930-6406-4E96-99CD-ABAAE8FFD03E}.Debug|Mixed Platforms.Build.0 = Debug|Win32
		{742A0930-6406-4E96-99CD-ABAAE8FFD03E}.Debug|Win32.ActiveCfg = Debug|Win32
		{742A0930-6406-4E96-99CD-ABAAE8FFD03E}.Debug|Win32.Build.0 = Debug|Win32
		{742A0930-6406-4E96-99CD-ABAAE8FFD03E}.Debug|x64.ActiveCfg = Debug|Win32
		{742A0930-6406-4E96-99CD-ABAAE8FFD03E}.Release|Any CPU.ActiveCfg = Release|Win32
		{742A0930-6406-4E96-99CD-ABAAE8FFD03E}.Release|Mixed Platforms.ActiveCfg = Release|Win32
		{742A0930-6406-4E96-99CD-ABAAE8FFD03E}.Release|Mixed Platforms.Build.0 = Release|Win32
		{742A0930-6406-4E96-99CD-ABAAE8FFD03E}.Release|Win32.ActiveCfg = Release|Win32
		{742A0930-6406-4E96-99CD-ABAAE8FFD03E}.Release|Win32.Build.0 = Release|Win32
		{742A0930-6406-4E96-99CD-ABAAE8FFD03E}.Release|x64.ActiveCfg = Release|Win32
		{32DA55C1-378E-4C99-87C7-AF3EDF019827}.Debug|Any CPU.ActiveCfg = Debug|Win32
		{32DA55C1-378E-4C99-87C7-AF3EDF019827}.Debug|Mixed Platforms.ActiveCfg = Debug|Win32
		{32DA55C1-378E-4C99-87C7-AF3EDF019827}.Debug|Mixed Platforms.Build.0 = Debug|Win32
		{32DA55C1-378E-4C99-87C7-AF3EDF019827}.Debug|Win32.ActiveCfg = Debug|Win32
		{32DA55C1-378E-4C99-87C7-AF3EDF019827}.Debug|Win32.Build.0 = Debug|Win32
		{32DA55C1-378E-4C99-87C7-AF3EDF019827}.Debug|x64.ActiveCfg = Debug|Win32
		{32DA55C1-378E-4C99-87C7-AF3EDF019827}.Release|Any CPU.ActiveCfg = Release|Win32
		{32DA55C1-378E-4C99-87C7-AF3EDF019827}.Release|Mixed Platforms.ActiveCfg = Release|Win32
		{32DA55C1-378E-4C99-87C7-AF3EDF019827}.Release|Mixed Platforms.Build.0 = Release|Win32
		{32DA55C1-378E-4C99-87C7-AF3EDF019827}.Release|Win32.ActiveCfg = Release|Win32
		{32DA55C1-378E-4C99-87C7-AF3EDF019827}.Release|Win32.Build.0 = Release|Win32
		{32DA55C1-378E-4C99-87C7-AF3EDF019827}.Release|x64.ActiveCfg = Release|Win32
		{80CEF0D2-ABCF-4498-96BB-5F468AF9D7A6}.Debug|Any CPU.ActiveCfg = Debug|Win32
		{80CEF0D2-ABCF-4498-96BB-5F468AF9D7A6}.Debug|Mixed Platforms.ActiveCfg = Debug|Win32
		{80CEF0D2-ABCF-4498-96BB-5F468AF9D7A6}.Debug|Mixed Platforms.Build.0 = Debug|Win32
		{80CEF0D2-ABCF-4498-96BB-5F468AF9D7A6}.Debug|Win32.ActiveCfg = Debug|Win32
		{80CEF0D2-ABCF-4498-96BB-5F468AF9D7A6}.Debug|Win32.Build.0 = Debug|Win32
		{80CEF0D2-ABCF-4498-96BB-5F468AF9D7A6}.Debug|x64.ActiveCfg = Debug|Win32
		{80CEF0D2-ABCF-4498-96BB-5F468AF9D7A6}.Release|Any CPU.ActiveCfg = Release|Win32
		{80CEF0D2-ABCF-4498-96BB-5F468AF9D7A6}.Release|Mixed Platforms.ActiveCfg = Release|Win32
		{80CEF0D2-ABCF-4498-96BB-5F468AF9D7A6}.Release|Mixed Platforms.Build.0 = Release|Win32
		{80CEF0D2-ABCF-4498-96BB-5F468AF9D7A6}.Release|Win32.ActiveCfg = Release|Win32
		{80CEF0D2-ABCF-4498-96BB-5F468AF9D7A6}.Release|Win32.Build.0 = Release|Win32
		{80CEF0D2-ABCF-4498-96BB-5F468AF9D7A6}.Release|x64.ActiveCfg = Release|Win32
		{1FF3FA28-F923-4968-B439-A06DF667C726}.Debug|Any CPU.ActiveCfg = Debug|Win32
		{1FF3FA28-F923-4968-B439-A06DF667C726}.Debug|Mixed Platforms.ActiveCfg = Debug|Win32
		{1FF3FA28-F923-4968-B439-A06DF667C726}.Debug|Mixed Platforms.Build.0 = Debug|Win32
		{1FF3FA28-F923-4968-B439-A06DF667C726}.Debug|Win32.ActiveCfg = Debug|Win32
		{1FF3FA28-F923-4968-B439-A06DF667C726}.Debug|Win32.Build.0 = Debug|Win32
		{1FF3FA28-F923-4968-B439-A06DF667C726}.Debug|x64.ActiveCfg = Debug|Win32
		{1FF3FA28-F923-4968-B439-A06DF667C726}.Release|Any CPU.ActiveCfg = Release|Win32
		{1FF3FA28-F923-4968-B439-A06DF667C726}.Release|Mixed Platforms.ActiveCfg = Release|Win32
		{1FF3FA28-F923-4968-B439-A06DF667C726}.Release|Mixed Platforms.Build.0 = Release|Win32
		{1FF3FA28-F923-4968-B439-A06DF667C726}.Release|Win32.ActiveCfg = Release|Win32
		{1FF3FA28-F923-4968-B439-A06DF667C726}.Release|Win32.Build.0 = Release|Win32
		{1FF3FA28-F923-4968-B439-A06DF667C726}.Release|x64.ActiveCfg = Release|Win32
		{9DB8C2C9-981D-440F-B19A-60740934A826}.Debug|Any CPU.ActiveCfg = Debug|Win32
		{9DB8C2C9-981D-440F-B19A-60740934A826}.Debug|Mixed Platforms.ActiveCfg = Debug|Win32
		{9DB8C2C9-981D-440F-B19A-60740934A826}.Debug|Mixed Platforms.Build.0 = Debug|Win32
		{9DB8C2C9-981D-440F-B19A-60740934A826}.Debug|Win32.ActiveCfg = Debug|Win32
		{9DB8C2C9-981D-440F-B19A-60740934A826}.Debug|Win32.Build.0 = Debug|Win32
		{9DB8C2C9-981D-440F-B19A-60740934A826}.Debug|x64.ActiveCfg = Debug|Win32
		{9DB8C2C9-981D-440F-B19A-60740934A826}.Release|Any CPU.ActiveCfg = Release|Win32
		{9DB8C2C9-981D-440F-B19A-60740934A826}.Release|Mixed Platforms.ActiveCfg = Release|Win32
		{9DB8C2C9-981D-440F-B19A-60740934A826}.Release|Mixed Platforms.Build.0 = Release|Win32
		{9DB8C2C9-981D-440F-B19A-60740934A826}.Release|Win32.ActiveCfg = Release|Win32
		{9DB8C2C9-981D-440F-B19A-60740934A826}.Release|Win32.Build.0 = Release|Win32
		{9DB8C2C9-981D-440F-B19A-60740934A826}.Release|x64.ActiveCfg = Release|Win32
		{B0D3F4A2-5598-40C6-833C-1BD174273411}.Debug|Any CPU.ActiveCfg = Debug|Win32
		{B0D3F4A2-5598-40C6-833C-1BD174273411}.Debug|Mixed Platforms.ActiveCfg = Debug|Win32
		{B0D3F4A2-5598-40C6-833C-1BD174273411}.Debug|Mixed Platforms.Build.0 = Debug|Win32
		{B0D3F4A2-5598-40C6-833C-1BD174273411}.Debug|Win32.ActiveCfg = Debug|Win32
		{B0D3F4A2-5598-40C6-833C-1BD174273411}.Debug|Win32.Build.0 = Debug|Win32
		{B0D3F4A2-5598-40C6-833C-1BD174273411}.Debug|x64.ActiveCfg = Debug|Win32
		{B0D3F4A2-5598-40C6-833C-1BD174273411}.Release|Any CPU.ActiveCfg = Release|Win32
		{B0D3F4A2-5598-40C6-833C-1BD174273411}.Release|Mixed Platforms.ActiveCfg = Release|Win32
		{B0D3F4A2-5598-40C6-833C-1BD174273411}.Release|Mixed Platforms.Build.0 = Release|Win32
		{B0D3F4A2-5598-40C6-833C-1BD174273411}.Release|Win32.ActiveCfg = Release|Win32
		{B0D3F4A2-5598-40C6-833C-1BD174273411}.Release|Win32.Build.0 = Release|Win32
		{B0D3F4A2-5598-40C6-833C-1BD174273411}.Release|x64.ActiveCfg = Release|Win32
		{231B67EA-403D-4FAA-B4A0-A0E8E02E7495}.Debug|Any CPU.ActiveCfg = Debug|Win32
		{231B67EA-403D-4FAA-B4A0-A0E8E02E7495}.Debug|Mixed Platforms.ActiveCfg = Debug|Win32
		{231B67EA-403D-4FAA-B4A0-A0E8E02E7495}.Debug|Mixed Platforms.Build.0 = Debug|Win32
		{231B67EA-403D-4FAA-B4A0-A0E8E02E7495}.Debug|Win32.ActiveCfg = Debug|Win32
		{231B67EA-403D-4FAA-B4A0-A0E8E02E7495}.Debug|Win32.Build.0 = Debug|Win32
		{231B67EA-403D-4FAA-B4A0-A0E8E02E7495}.Debug|x64.ActiveCfg = Debug|Win32
		{231B67EA-403D-4FAA-B4A0-A0E8E02E7495}.Release|Any CPU.ActiveCfg = Release|Win32
		{231B67EA-403D-4FAA-B4A0-A0E8E02E7495}.Release|Mixed Platforms.ActiveCfg = Release|Win32
		{231B67EA-403D-4FAA-B4A0-A0E8E02E7495}.Release|Mixed Platforms.Build.0 = Release|Win32
		{231B67EA-403D-4FAA-B4A0-A0E8E02E7495}.Release|Win32.ActiveCfg = Release|Win32
		{231B67EA-403D-4FAA-B4A0-A0E8E02E7495}.Release|Win32.Build.0 = Release|Win32
		{231B67EA-403D-4FAA-B4A0-A0E8E02E7495}.Release|x64.ActiveCfg = Release|Win32
		{D6671ADD-4FA4-4826-9232-17E81A750545}.Debug|Any CPU.ActiveCfg = Debug|Win32
		{D6671ADD-4FA4-4826-9232-17E81A750545}.Debug|Mixed Platforms.ActiveCfg = Debug|Win32
		{D6671ADD-4FA4-4826-9232-17E81A750545}.Debug|Mixed Platforms.Build.0 = Debug|Win32
		{D6671ADD-4FA4-4826-9232-17E81A750545}.Debug|Win32.ActiveCfg = Debug|Win32
		{D6671ADD-4FA4-4826-9232-17E81A750545}.Debug|Win32.Build.0 = Debug|Win32
		{D6671ADD-4FA4-4826-9232-17E81A750545}.Debug|x64.ActiveCfg = Debug|Win32
		{D6671ADD-4FA4-4826-9232-17E81A750545}.Release|Any CPU.ActiveCfg = Release|Win32
		{D6671ADD-4FA4-4826-9232-17E81A750545}.Release|Mixed Platforms.ActiveCfg = Release|Win32
		{D6671ADD-4FA4-4826-9232-17E81A750545}.Release|Mixed Platforms.Build.0 = Release|Win32
		{D6671ADD-4FA4-4826-9232-17E81A750545}.Release|Win32.ActiveCfg = Release|Win32
		{D6671ADD-4FA4-4826-9232-17E81A750545}.Release|Win32.Build.0 = Release|Win32
		{D6671ADD-4FA4-4826-9232-17E81A750545}.Release|x64.ActiveCfg = Release|Win32
		{E6094FED-6235-479E-8D83-05D321F62D31}.Debug|Any CPU.ActiveCfg = Debug|Win32
		{E6094FED-6235-479E-8D83-05D321F62D31}.Debug|Mixed Platforms.ActiveCfg = Debug|Win32
		{E6094FED-6235-479E-8D83-05D321F62D31}.Debug|Mixed Platforms.Build.0 = Debug|Win32
		{E6094FED-6235-479E-8D83-05D321F62D31}.Debug|Win32.ActiveCfg = Debug|Win32
		{E6094FED-6235-479E-8D83-05D321F62D31}.Debug|Win32.Build.0 = Debug|Win32
		{E6094FED-6235-479E-8D83-05D321F62D31}.Debug|x64.ActiveCfg = Debug|Win32
		{E6094FED-6235-479E-8D83-05D321F62D31}.Release|Any CPU.ActiveCfg = Release|Win32
		{E6094FED-6235-479E-8D83-05D321F62D31}.Release|Mixed Platforms.ActiveCfg = Release|Win32
		{E6094FED-6235-479E-8D83-05D321F62D31}.Release|Mixed Platforms.Build.0 = Release|Win32
		{E6094FED-6235-479E-8D83-05D321F62D31}.Release|Win32.ActiveCfg = Release|Win32
		{E6094FED-6235-479E-8D83-05D321F62D31}.Release|Win32.Build.0 = Release|Win32
		{E6094FED-6235-479E-8D83-05D321F62D31}.Release|x64.ActiveCfg = Release|Win32
		{CD733797-8A91-486E-9679-6E03E3E90094}.Debug|Any CPU.ActiveCfg = Debug|Win32
		{CD733797-8A91-486E-9679-6E03E3E90094}.Debug|Mixed Platforms.ActiveCfg = Debug|Win32
		{CD733797-8A91-486E-9679-6E03E3E90094}.Debug|Mixed Platforms.Build.0 = Debug|Win32
		{CD733797-8A91-486E-9679-6E03E3E90094}.Debug|Win32.ActiveCfg = Debug|Win32
		{CD733797-8A91-486E-9679-6E03E3E90094}.Debug|Win32.Build.0 = Debug|Win32
		{CD733797-8A91-486E-9679-6E03E3E90094}.Debug|x64.ActiveCfg = Debug|Win32
		{CD733797-8A91-486E-9679-6E03E3E90094}.Release|Any CPU.ActiveCfg = Release|Win32
		{CD733797-8A91-486E-9679-6E03E3E90094}.Release|Mixed Platforms.ActiveCfg = Release|Win32
		{CD733797-8A91-486E-9679-6E03E3E90094}.Release|Mixed Platforms.Build.0 = Release|Win32
		{CD733797-8A91-486E-9679-6E03E3E90094}.Release|Win32.ActiveCfg = Release|Win32
		{CD733797-8A91-486E-9679-6E03E3E90094}.Release|Win32.Build.0 = Release|Win32
		{CD733797-8A91-486E-9679-6E03E3E90094}.Release|x64.ActiveCfg = Release|Win32
		{E880632F-FDBC-48E4-9A44-69210FF07BBA}.Debug|Any CPU.ActiveCfg = Debug|Win32
		{E880632F-FDBC-48E4-9A44-69210FF07BBA}.Debug|Mixed Platforms.ActiveCfg = Debug|Win32
		{E880632F-FDBC-48E4-9A44-69210FF07BBA}.Debug|Mixed Platforms.Build.0 = Debug|Win32
		{E880632F-FDBC-48E4-9A44-69210FF07BBA}.Debug|Win32.ActiveCfg = Debug|Win32
		{E880632F-FDBC-48E4-9A44-69210FF07BBA}.Debug|Win32.Build.0 = Debug|Win32
		{E880632F-FDBC-48E4-9A44-69210FF07BBA}.Debug|x64.ActiveCfg = Debug|Win32
		{E880632F-FDBC-48E4-9A44-69210FF07BBA}.Release|Any CPU.ActiveCfg = Release|Win32
		{E880632F-FDBC-48E4-9A44-69210FF07BBA}.Release|Mixed Platforms.ActiveCfg = Release|Win32
		{E880632F-FDBC-48E4-9A44-69210FF07BBA}.Release|Mixed Platforms.Build.0 = Release|Win32
		{E880632F-FDBC-48E4-9A44-69210FF07BBA}.Release|Win32.ActiveCfg = Release|Win32
		{E880632F-FDBC-48E4-9A44-69210FF07BBA}.Release|Win32.Build.0 = Release|Win32
		{E880632F-FDBC-48E4-9A44-69210FF07BBA}.Release|x64.ActiveCfg = Release|Win32
		{0C9FE714-0C12-4A44-8209-DC7C54758931}.Debug|Any CPU.ActiveCfg = Debug|Win32
		{0C9FE714-0C12-4A44-8209-DC7C54758931}.Debug|Mixed Platforms.ActiveCfg = Debug|Win32
		{0C9FE714-0C12-4A44-8209-DC7C54758931}.Debug|Mixed Platforms.Build.0 = Debug|Win32
		{0C9FE714-0C12-4A44-8209-DC7C54758931}.Debug|Win32.ActiveCfg = Debug|Win32
		{0C9FE714-0C12-4A44-8209-DC7C54758931}.Debug|Win32.Build.0 = Debug|Win32
		{0C9FE714-0C12-4A44-8209-DC7C54758931}.Debug|x64.ActiveCfg = Debug|Win32
		{0C9FE714-0C12-4A44-8209-DC7C54758931}.Release|Any CPU.ActiveCfg = Release|Win32
		{0C9FE714-0C12-4A44-8209-DC7C54758931}.Release|Mixed Platforms.ActiveCfg = Release|Win32
		{0C9FE714-0C12-4A44-8209-DC7C54758931}.Release|Mixed Platforms.Build.0 = Release|Win32
		{0C9FE714-0C12-4A44-8209-DC7C54758931}.Release|Win32.ActiveCfg = Release|Win32
		{0C9FE714-0C12-4A44-8209-DC7C54758931}.Release|Win32.Build.0 = Release|Win32
		{0C9FE714-0C12-4A44-8209-DC7C54758931}.Release|x64.ActiveCfg = Release|Win32
		{36E1C16B-DDB8-46BD-BDB8-94586F5AECC1}.Debug|Any CPU.ActiveCfg = Debug|Win32
		{36E1C16B-DDB8-46BD-BDB8-94586F5AECC1}.Debug|Mixed Platforms.ActiveCfg = Debug|Win32
		{36E1C16B-DDB8-46BD-BDB8-94586F5AECC1}.Debug|Mixed Platforms.Build.0 = Debug|Win32
		{36E1C16B-DDB8-46BD-BDB8-94586F5AECC1}.Debug|Win32.ActiveCfg = Debug|Win32
		{36E1C16B-DDB8-46BD-BDB8-94586F5AECC1}.Debug|Win32.Build.0 = Debug|Win32
		{36E1C16B-DDB8-46BD-BDB8-94586F5AECC1}.Debug|x64.ActiveCfg = Debug|Win32
		{36E1C16B-DDB8-46BD-BDB8-94586F5AECC1}.Release|Any CPU.ActiveCfg = Release|Win32
		{36E1C16B-DDB8-46BD-BDB8-94586F5AECC1}.Release|Mixed Platforms.ActiveCfg = Release|Win32
		{36E1C16B-DDB8-46BD-BDB8-94586F5AECC1}.Release|Mixed Platforms.Build.0 = Release|Win32
		{36E1C16B-DDB8-46BD-BDB8-94586F5AECC1}.Release|Win32.ActiveCfg = Release|Win32
		{36E1C16B-DDB8-46BD-BDB8-94586F5AECC1}.Release|Win32.Build.0 = Release|Win32
		{36E1C16B-DDB8-46BD-BDB8-94586F5AECC1}.Release|x64.ActiveCfg = Release|Win32
		{82142D01-F581-495B-ADAC-51781B68D382}.Debug|Any CPU.ActiveCfg = Debug|Win32
		{82142D01-F581-495B-ADAC-51781B68D382}.Debug|Mixed Platforms.ActiveCfg = Debug|Win32
		{82142D01-F581-495B-ADAC-51781B68D382}.Debug|Mixed Platforms.Build.0 = Debug|Win32
		{82142D01-F581-495B-ADAC-51781B68D382}.Debug|Win32.ActiveCfg = Debug|Win32
		{82142D01-F581-495B-ADAC-51781B68D382}.Debug|Win32.Build.0 = Debug|Win32
		{82142D01-F581-495B-ADAC-51781B68D382}.Debug|x64.ActiveCfg = Debug|Win32
		{82142D01-F581-495B-ADAC-51781B68D382}.Release|Any CPU.ActiveCfg = Release|Win32
		{82142D01-F581-495B-ADAC-51781B68D382}.Release|Mixed Platforms.ActiveCfg = Release|Win32
		{82142D01-F581-495B-ADAC-51781B68D382}.Release|Mixed Platforms.Build.0 = Release|Win32
		{82142D01-F581-495B-ADAC-51781B68D382}.Release|Win32.ActiveCfg = Release|Win32
		{82142D01-F581-495B-ADAC-51781B68D382}.Release|Win32.Build.0 = Release|Win32
		{82142D01-F581-495B-ADAC-51781B68D382}.Release|x64.ActiveCfg = Release|Win32
		{AC073B1C-9113-4E29-8383-523CA95D39FF}.Debug|Any CPU.ActiveCfg = Debug|Win32
		{AC073B1C-9113-4E29-8383-523CA95D39FF}.Debug|Mixed Platforms.ActiveCfg = Debug|Win32
		{AC073B1C-9113-4E29-8383-523CA95D39FF}.Debug|Mixed Platforms.Build.0 = Debug|Win32
		{AC073B1C-9113-4E29-8383-523CA95D39FF}.Debug|Win32.ActiveCfg = Debug|Win32
		{AC073B1C-9113-4E29-8383-523CA95D39FF}.Debug|Win32.Build.0 = Debug|Win32
		{AC073B1C-9113-4E29-8383-523CA95D39FF}.Debug|x64.ActiveCfg = Debug|Win32
		{AC073B1C-9113-4E29-8383-523CA95D39FF}.Release|Any CPU.ActiveCfg = Release|Win32
		{AC073B1C-9113-4E29-8383-523CA95D39FF}.Release|Mixed Platforms.ActiveCfg = Release|Win32
		{AC073B1C-9113-4E29-8383-523CA95D39FF}.Release|Mixed Platforms.Build.0 = Release|Win32
		{AC073B1C-9113-4E29-8383-523CA95D39FF}.Release|Win32.ActiveCfg = Release|Win32
		{AC073B1C-9113-4E29-8383-523CA95D39FF}.Release|Win32.Build.0 = Release|Win32
		{AC073B1C-9113-4E29-8383-523CA95D39FF}.Release|x64.ActiveCfg = Release|Win32
		{7BA1C440-D3D6-4E7C-AF5C-65FB71B60E76}.Debug|Any CPU.ActiveCfg = Debug|Win32
		{7BA1C440-D3D6-4E7C-AF5C-65FB71B60E76}.Debug|Mixed Platforms.ActiveCfg = Debug|Win32
		{7BA1C440-D3D6-4E7C-AF5C-65FB71B60E76}.Debug|Mixed Platforms.Build.0 = Debug|Win32
		{7BA1C440-D3D6-4E7C-AF5C-65FB71B60E76}.Debug|Win32.ActiveCfg = Debug|Win32
		{7BA1C440-D3D6-4E7C-AF5C-65FB71B60E76}.Debug|Win32.Build.0 = Debug|Win32
		{7BA1C440-D3D6-4E7C-AF5C-65FB71B60E76}.Debug|x64.ActiveCfg = Debug|Win32
		{7BA1C440-D3D6-4E7C-AF5C-65FB71B60E76}.Release|Any CPU.ActiveCfg = Release|Win32
		{7BA1C440-D3D6-4E7C-AF5C-65FB71B60E76}.Release|Mixed Platforms.ActiveCfg = Release|Win32
		{7BA1C440-D3D6-4E7C-AF5C-65FB71B60E76}.Release|Mixed Platforms.Build.0 = Release|Win32
		{7BA1C440-D3D6-4E7C-AF5C-65FB71B60E76}.Release|Win32.ActiveCfg = Release|Win32
		{7BA1C440-D3D6-4E7C-AF5C-65FB71B60E76}.Release|Win32.Build.0 = Release|Win32
		{7BA1C440-D3D6-4E7C-AF5C-65FB71B60E76}.Release|x64.ActiveCfg = Release|Win32
		{9E23B40D-4D19-4BA4-98E1-806BDEB23D62}.Debug|Any CPU.ActiveCfg = Debug|Win32
		{9E23B40D-4D19-4BA4-98E1-806BDEB23D62}.Debug|Mixed Platforms.ActiveCfg = Debug|Win32
		{9E23B40D-4D19-4BA4-98E1-806BDEB23D62}.Debug|Mixed Platforms.Build.0 = Debug|Win32
		{9E23B40D-4D19-4BA4-98E1-806BDEB23D62}.Debug|Win32.ActiveCfg = Debug|Win32
		{9E23B40D-4D19-4BA4-98E1-806BDEB23D62}.Debug|Win32.Build.0 = Debug|Win32
		{9E23B40D-4D19-4BA4-98E1-806BDEB23D62}.Debug|x64.ActiveCfg = Debug|Win32
		{9E23B40D-4D19-4BA4-98E1-806BDEB23D62}.Release|Any CPU.ActiveCfg = Release|Win32
		{9E23B40D-4D19-4BA4-98E1-806BDEB23D62}.Release|Mixed Platforms.ActiveCfg = Release|Win32
		{9E23B40D-4D19-4BA4-98E1-806BDEB23D62}.Release|Mixed Platforms.Build.0 = Release|Win32
		{9E23B40D-4D19-4BA4-98E1-806BDEB23D62}.Release|Win32.ActiveCfg = Release|Win32
		{9E23B40D-4D19-4BA4-98E1-806BDEB23D62}.Release|Win32.Build.0 = Release|Win32
		{9E23B40D-4D19-4BA4-98E1-806BDEB23D62}.Release|x64.ActiveCfg = Release|Win32
		{49A73FC5-E59A-405F-801D-A6A18EF93C0A}.Debug|Any CPU.ActiveCfg = Debug|Win32
		{49A73FC5-E59A-405F-801D-A6A18EF93C0A}.Debug|Mixed Platforms.ActiveCfg = Debug|Win32
		{49A73FC5-E59A-405F-801D-A6A18EF93C0A}.Debug|Mixed Platforms.Build.0 = Debug|Win32
		{49A73FC5-E59A-405F-801D-A6A18EF93C0A}.Debug|Win32.ActiveCfg = Debug|Win32
		{49A73FC5-E59A-405F-801D-A6A18EF93C0A}.Debug|Win32.Build.0 = Debug|Win32
		{49A73FC5-E59A-405F-801D-A6A18EF93C0A}.Debug|x64.ActiveCfg = Debug|Win32
		{49A73FC5-E59A-405F-801D-A6A18EF93C0A}.Release|Any CPU.ActiveCfg = Release|Win32
		{49A73FC5-E59A-405F-801D-A6A18EF93C0A}.Release|Mixed Platforms.ActiveCfg = Release|Win32
		{49A73FC5-E59A-405F-801D-A6A18EF93C0A}.Release|Mixed Platforms.Build.0 = Release|Win32
		{49A73FC5-E59A-405F-801D-A6A18EF93C0A}.Release|Win32.ActiveCfg = Release|Win32
		{49A73FC5-E59A-405F-801D-A6A18EF93C0A}.Release|Win32.Build.0 = Release|Win32
		{49A73FC5-E59A-405F-801D-A6A18EF93C0A}.Release|x64.ActiveCfg = Release|Win32
		{5D4C29C0-F3D1-4B0D-9CA9-B504703CED3C}.Debug|Any CPU.ActiveCfg = Debug|Win32
		{5D4C29C0-F3D1-4B0D-9CA9-B504703CED3C}.Debug|Mixed Platforms.ActiveCfg = Debug|Win32
		{5D4C29C0-F3D1-4B0D-9CA9-B504703CED3C}.Debug|Mixed Platforms.Build.0 = Debug|Win32
		{5D4C29C0-F3D1-4B0D-9CA9-B504703CED3C}.Debug|Win32.ActiveCfg = Debug|Win32
		{5D4C29C0-F3D1-4B0D-9CA9-B504703CED3C}.Debug|Win32.Build.0 = Debug|Win32
		{5D4C29C0-F3D1-4B0D-9CA9-B504703CED3C}.Debug|x64.ActiveCfg = Debug|Win32
		{5D4C29C0-F3D1-4B0D-9CA9-B504703CED3C}.Release|Any CPU.ActiveCfg = Release|Win32
		{5D4C29C0-F3D1-4B0D-9CA9-B504703CED3C}.Release|Mixed Platforms.ActiveCfg = Release|Win32
		{5D4C29C0-F3D1-4B0D-9CA9-B504703CED3C}.Release|Mixed Platforms.Build.0 = Release|Win32
		{5D4C29C0-F3D1-4B0D-9CA9-B504703CED3C}.Release|Win32.ActiveCfg = Release|Win32
		{5D4C29C0-F3D1-4B0D-9CA9-B504703CED3C}.Release|Win32.Build.0 = Release|Win32
		{5D4C29C0-F3D1-4B0D-9CA9-B504703CED3C}.Release|x64.ActiveCfg = Release|Win32
		{2D6D81C9-BB06-41FB-816B-FB4F663C3F11}.Debug|Any CPU.ActiveCfg = Debug|Win32
		{2D6D81C9-BB06-41FB-816B-FB4F663C3F11}.Debug|Mixed Platforms.ActiveCfg = Debug|Win32
		{2D6D81C9-BB06-41FB-816B-FB4F663C3F11}.Debug|Mixed Platforms.Build.0 = Debug|Win32
		{2D6D81C9-BB06-41FB-816B-FB4F663C3F11}.Debug|Win32.ActiveCfg = Debug|Win32
		{2D6D81C9-BB06-41FB-816B-FB4F663C3F11}.Debug|Win32.Build.0 = Debug|Win32
		{2D6D81C9-BB06-41FB-816B-FB4F663C3F11}.Debug|x64.ActiveCfg = Debug|Win32
		{2D6D81C9-BB06-41FB-816B-FB4F663C3F11}.Release|Any CPU.ActiveCfg = Release|Win32
		{2D6D81C9-BB06-41FB-816B-FB4F663C3F11}.Release|Mixed Platforms.ActiveCfg = Release|Win32
		{2D6D81C9-BB06-41FB-816B-FB4F663C3F11}.Release|Mixed Platforms.Build.0 = Release|Win32
		{2D6D81C9-BB06-41FB-816B-FB4F663C3F11}.Release|Win32.ActiveCfg = Release|Win32
		{2D6D81C9-BB06-41FB-816B-FB4F663C3F11}.Release|Win32.Build.0 = Release|Win32
		{2D6D81C9-BB06-41FB-816B-FB4F663C3F11}.Release|x64.ActiveCfg = Release|Win32
		{0F45982D-3497-4095-A973-C2DC98A65D4C}.Debug|Any CPU.ActiveCfg = Debug|Win32
		{0F45982D-3497-4095-A973-C2DC98A65D4C}.Debug|Mixed Platforms.ActiveCfg = Debug|Win32
		{0F45982D-3497-4095-A973-C2DC98A65D4C}.Debug|Mixed Platforms.Build.0 = Debug|Win32
		{0F45982D-3497-4095-A973-C2DC98A65D4C}.Debug|Win32.ActiveCfg = Debug|Win32
		{0F45982D-3497-4095-A973-C2DC98A65D4C}.Debug|Win32.Build.0 = Debug|Win32
		{0F45982D-3497-4095-A973-C2DC98A65D4C}.Debug|x64.ActiveCfg = Debug|Win32
		{0F45982D-3497-4095-A973-C2DC98A65D4C}.Release|Any CPU.ActiveCfg = Release|Win32
		{0F45982D-3497-4095-A973-C2DC98A65D4C}.Release|Mixed Platforms.ActiveCfg = Release|Win32
		{0F45982D-3497-4095-A973-C2DC98A65D4C}.Release|Mixed Platforms.Build.0 = Release|Win32
		{0F45982D-3497-4095-A973-C2DC98A65D4C}.Release|Win32.ActiveCfg = Release|Win32
		{0F45982D-3497-4095-A973-C2DC98A65D4C}.Release|Win32.Build.0 = Release|Win32
		{0F45982D-3497-4095-A973-C2DC98A65D4C}.Release|x64.ActiveCfg = Release|Win32
		{149D23A1-C0A9-4BBC-B679-4E99A47588AB}.Debug|Any CPU.ActiveCfg = Debug|Win32
		{149D23A1-C0A9-4BBC-B679-4E99A47588AB}.Debug|Mixed Platforms.ActiveCfg = Debug|Win32
		{149D23A1-C0A9-4BBC-B679-4E99A47588AB}.Debug|Mixed Platforms.Build.0 = Debug|Win32
		{149D23A1-C0A9-4BBC-B679-4E99A47588AB}.Debug|Win32.ActiveCfg = Debug|Win32
		{149D23A1-C0A9-4BBC-B679-4E99A47588AB}.Debug|Win32.Build.0 = Debug|Win32
		{149D23A1-C0A9-4BBC-B679-4E99A47588AB}.Debug|x64.ActiveCfg = Debug|Win32
		{149D23A1-C0A9-4BBC-B679-4E99A47588AB}.Release|Any CPU.ActiveCfg = Release|Win32
		{149D23A1-C0A9-4BBC-B679-4E99A47588AB}.Release|Mixed Platforms.ActiveCfg = Release|Win32
		{149D23A1-C0A9-4BBC-B679-4E99A47588AB}.Release|Mixed Platforms.Build.0 = Release|Win32
		{149D23A1-C0A9-4BBC-B679-4E99A47588AB}.Release|Win32.ActiveCfg = Release|Win32
		{149D23A1-C0A9-4BBC-B679-4E99A47588AB}.Release|Win32.Build.0 = Release|Win32
		{149D23A1-C0A9-4BBC-B679-4E99A47588AB}.Release|x64.ActiveCfg = Release|Win32
		{AA71A5FB-64D7-475D-A8EB-2438F0AB5829}.Debug|Any CPU.ActiveCfg = Debug|Win32
		{AA71A5FB-64D7-475D-A8EB-2438F0AB5829}.Debug|Mixed Platforms.ActiveCfg = Debug|Win32
		{AA71A5FB-64D7-475D-A8EB-2438F0AB5829}.Debug|Mixed Platforms.Build.0 = Debug|Win32
		{AA71A5FB-64D7-475D-A8EB-2438F0AB5829}.Debug|Win32.ActiveCfg = Debug|Win32
		{AA71A5FB-64D7-475D-A8EB-2438F0AB5829}.Debug|Win32.Build.0 = Debug|Win32
		{AA71A5FB-64D7-475D-A8EB-2438F0AB5829}.Debug|x64.ActiveCfg = Debug|Win32
		{AA71A5FB-64D7-475D-A8EB-2438F0AB5829}.Release|Any CPU.ActiveCfg = Release|Win32
		{AA71A5FB-64D7-475D-A8EB-2438F0AB5829}.Release|Mixed Platforms.ActiveCfg = Release|Win32
		{AA71A5FB-64D7-475D-A8EB-2438F0AB5829}.Release|Mixed Platforms.Build.0 = Release|Win32
		{AA71A5FB-64D7-475D-A8EB-2438F0AB5829}.Release|Win32.ActiveCfg = Release|Win32
		{AA71A5FB-64D7-475D-A8EB-2438F0AB5829}.Release|Win32.Build.0 = Release|Win32
		{AA71A5FB-64D7-475D-A8EB-2438F0AB5829}.Release|x64.ActiveCfg = Release|Win32
		{A3EC4A22-76B7-47AC-8D6D-3F3A1390B780}.Debug|Any CPU.ActiveCfg = Debug|Win32
		{A3EC4A22-76B7-47AC-8D6D-3F3A1390B780}.Debug|Mixed Platforms.ActiveCfg = Debug|Win32
		{A3EC4A22-76B7-47AC-8D6D-3F3A1390B780}.Debug|Mixed Platforms.Build.0 = Debug|Win32
		{A3EC4A22-76B7-47AC-8D6D-3F3A1390B780}.Debug|Win32.ActiveCfg = Debug|Win32
		{A3EC4A22-76B7-47AC-8D6D-3F3A1390B780}.Debug|Win32.Build.0 = Debug|Win32
		{A3EC4A22-76B7-47AC-8D6D-3F3A1390B780}.Debug|x64.ActiveCfg = Debug|Win32
		{A3EC4A22-76B7-47AC-8D6D-3F3A1390B780}.Release|Any CPU.ActiveCfg = Release|Win32
		{A3EC4A22-76B7-47AC-8D6D-3F3A1390B780}.Release|Mixed Platforms.ActiveCfg = Release|Win32
		{A3EC4A22-76B7-47AC-8D6D-3F3A1390B780}.Release|Mixed Platforms.Build.0 = Release|Win32
		{A3EC4A22-76B7-47AC-8D6D-3F3A1390B780}.Release|Win32.ActiveCfg = Release|Win32
		{A3EC4A22-76B7-47AC-8D6D-3F3A1390B780}.Release|Win32.Build.0 = Release|Win32
		{A3EC4A22-76B7-47AC-8D6D-3F3A1390B780}.Release|x64.ActiveCfg = Release|Win32
		{9EBDF6DF-0748-487F-A699-8D373BF7A4D8}.Debug|Any CPU.ActiveCfg = Debug|Win32
		{9EBDF6DF-0748-487F-A699-8D373BF7A4D8}.Debug|Mixed Platforms.ActiveCfg = Debug|Win32
		{9EBDF6DF-0748-487F-A699-8D373BF7A4D8}.Debug|Mixed Platforms.Build.0 = Debug|Win32
		{9EBDF6DF-0748-487F-A699-8D373BF7A4D8}.Debug|Win32.ActiveCfg = Debug|Win32
		{9EBDF6DF-0748-487F-A699-8D373BF7A4D8}.Debug|Win32.Build.0 = Debug|Win32
		{9EBDF6DF-0748-487F-A699-8D373BF7A4D8}.Debug|x64.ActiveCfg = Debug|Win32
		{9EBDF6DF-0748-487F-A699-8D373BF7A4D8}.Release|Any CPU.ActiveCfg = Release|Win32
		{9EBDF6DF-0748-487F-A699-8D373BF7A4D8}.Release|Mixed Platforms.ActiveCfg = Release|Win32
		{9EBDF6DF-0748-487F-A699-8D373BF7A4D8}.Release|Mixed Platforms.Build.0 = Release|Win32
		{9EBDF6DF-0748-487F-A699-8D373BF7A4D8}.Release|Win32.ActiveCfg = Release|Win32
		{9EBDF6DF-0748-487F-A699-8D373BF7A4D8}.Release|Win32.Build.0 = Release|Win32
		{9EBDF6DF-0748-487F-A699-8D373BF7A4D8}.Release|x64.ActiveCfg = Release|Win32
		{20A0E8B5-C0D8-44C8-9B47-C48D7A9B420B}.Debug|Any CPU.ActiveCfg = Debug|Win32
		{20A0E8B5-C0D8-44C8-9B47-C48D7A9B420B}.Debug|Mixed Platforms.ActiveCfg = Debug|Win32
		{20A0E8B5-C0D8-44C8-9B47-C48D7A9B420B}.Debug|Mixed Platforms.Build.0 = Debug|Win32
		{20A0E8B5-C0D8-44C8-9B47-C48D7A9B420B}.Debug|Win32.ActiveCfg = Debug|Win32
		{20A0E8B5-C0D8-44C8-9B47-C48D7A9B420B}.Debug|Win32.Build.0 = Debug|Win32
		{20A0E8B5-C0D8-44C8-9B47-C48D7A9B420B}.Debug|x64.ActiveCfg = Debug|Win32
		{20A0E8B5-C0D8-44C8-9B47-C48D7A9B420B}.Release|Any CPU.ActiveCfg = Release|Win32
		{20A0E8B5-C0D8-44C8-9B47-C48D7A9B420B}.Release|Mixed Platforms.ActiveCfg = Release|Win32
		{20A0E8B5-C0D8-44C8-9B47-C48D7A9B420B}.Release|Mixed Platforms.Build.0 = Release|Win32
		{20A0E8B5-C0D8-44C8-9B47-C48D7A9B420B}.Release|Win32.ActiveCfg = Release|Win32
		{20A0E8B5-C0D8-44C8-9B47-C48D7A9B420B}.Release|Win32.Build.0 = Release|Win32
		{20A0E8B5-C0D8-44C8-9B47-C48D7A9B420B}.Release|x64.ActiveCfg = Release|Win32
		{F15B7EB9-D3F9-4352-BDF1-4FC3D72794DE}.Debug|Any CPU.ActiveCfg = Debug|Win32
		{F15B7EB9-D3F9-4352-BDF1-4FC3D72794DE}.Debug|Mixed Platforms.ActiveCfg = Debug|Win32
		{F15B7EB9-D3F9-4352-BDF1-4FC3D72794DE}.Debug|Mixed Platforms.Build.0 = Debug|Win32
		{F15B7EB9-D3F9-4352-BDF1-4FC3D72794DE}.Debug|Win32.ActiveCfg = Debug|Win32
		{F15B7EB9-D3F9-4352-BDF1-4FC3D72794DE}.Debug|Win32.Build.0 = Debug|Win32
		{F15B7EB9-D3F9-4352-BDF1-4FC3D72794DE}.Debug|x64.ActiveCfg = Debug|Win32
		{F15B7EB9-D3F9-4352-BDF1-4FC3D72794DE}.Release|Any CPU.ActiveCfg = Release|Win32
		{F15B7EB9-D3F9-4352-BDF1-4FC3D72794DE}.Release|Mixed Platforms.ActiveCfg = Release|Win32
		{F15B7EB9-D3F9-4352-BDF1-4FC3D72794DE}.Release|Mixed Platforms.Build.0 = Release|Win32
		{F15B7EB9-D3F9-4352-BDF1-4FC3D72794DE}.Release|Win32.ActiveCfg = Release|Win32
		{F15B7EB9-D3F9-4352-BDF1-4FC3D72794DE}.Release|Win32.Build.0 = Release|Win32
		{F15B7EB9-D3F9-4352-BDF1-4FC3D72794DE}.Release|x64.ActiveCfg = Release|Win32
		{0F62D39C-A483-4296-A162-82537F0897D7}.Debug|Any CPU.ActiveCfg = Debug|Win32
		{0F62D39C-A483-4296-A162-82537F0897D7}.Debug|Mixed Platforms.ActiveCfg = Debug|Win32
		{0F62D39C-A483-4296-A162-82537F0897D7}.Debug|Mixed Platforms.Build.0 = Debug|Win32
		{0F62D39C-A483-4296-A162-82537F0897D7}.Debug|Win32.ActiveCfg = Debug|Win32
		{0F62D39C-A483-4296-A162-82537F0897D7}.Debug|Win32.Build.0 = Debug|Win32
		{0F62D39C-A483-4296-A162-82537F0897D7}.Debug|x64.ActiveCfg = Debug|Win32
		{0F62D39C-A483-4296-A162-82537F0897D7}.Release|Any CPU.ActiveCfg = Release|Win32
		{0F62D39C-A483-4296-A162-82537F0897D7}.Release|Mixed Platforms.ActiveCfg = Release|Win32
		{0F62D39C-A483-4296-A162-82537F0897D7}.Release|Mixed Platforms.Build.0 = Release|Win32
		{0F62D39C-A483-4296-A162-82537F0897D7}.Release|Win32.ActiveCfg = Release|Win32
		{0F62D39C-A483-4296-A162-82537F0897D7}.Release|Win32.Build.0 = Release|Win32
		{0F62D39C-A483-4296-A162-82537F0897D7}.Release|x64.ActiveCfg = Release|Win32
		{D13BB96E-6B37-48C3-8F23-A0578FCC6DA6}.Debug|Any CPU.ActiveCfg = Debug|Win32
		{D13BB96E-6B37-48C3-8F23-A0578FCC6DA6}.Debug|Mixed Platforms.ActiveCfg = Debug|Win32
		{D13BB96E-6B37-48C3-8F23-A0578FCC6DA6}.Debug|Mixed Platforms.Build.0 = Debug|Win32
		{D13BB96E-6B37-48C3-8F23-A0578FCC6DA6}.Debug|Win32.ActiveCfg = Debug|Win32
		{D13BB96E-6B37-48C3-8F23-A0578FCC6DA6}.Debug|Win32.Build.0 = Debug|Win32
		{D13BB96E-6B37-48C3-8F23-A0578FCC6DA6}.Debug|x64.ActiveCfg = Debug|Win32
		{D13BB96E-6B37-48C3-8F23-A0578FCC6DA6}.Release|Any CPU.ActiveCfg = Release|Win32
		{D13BB96E-6B37-48C3-8F23-A0578FCC6DA6}.Release|Mixed Platforms.ActiveCfg = Release|Win32
		{D13BB96E-6B37-48C3-8F23-A0578FCC6DA6}.Release|Mixed Platforms.Build.0 = Release|Win32
		{D13BB96E-6B37-48C3-8F23-A0578FCC6DA6}.Release|Win32.ActiveCfg = Release|Win32
		{D13BB96E-6B37-48C3-8F23-A0578FCC6DA6}.Release|Win32.Build.0 = Release|Win32
		{D13BB96E-6B37-48C3-8F23-A0578FCC6DA6}.Release|x64.ActiveCfg = Release|Win32
		{3B2634A7-6031-4794-BFC9-CF90DB78DBD7}.Debug|Any CPU.ActiveCfg = Debug|Win32
		{3B2634A7-6031-4794-BFC9-CF90DB78DBD7}.Debug|Mixed Platforms.ActiveCfg = Debug|Win32
		{3B2634A7-6031-4794-BFC9-CF90DB78DBD7}.Debug|Mixed Platforms.Build.0 = Debug|Win32
		{3B2634A7-6031-4794-BFC9-CF90DB78DBD7}.Debug|Win32.ActiveCfg = Debug|Win32
		{3B2634A7-6031-4794-BFC9-CF90DB78DBD7}.Debug|Win32.Build.0 = Debug|Win32
		{3B2634A7-6031-4794-BFC9-CF90DB78DBD7}.Debug|x64.ActiveCfg = Debug|Win32
		{3B2634A7-6031-4794-BFC9-CF90DB78DBD7}.Release|Any CPU.ActiveCfg = Release|Win32
		{3B2634A7-6031-4794-BFC9-CF90DB78DBD7}.Release|Mixed Platforms.ActiveCfg = Release|Win32
		{3B2634A7-6031-4794-BFC9-CF90DB78DBD7}.Release|Mixed Platforms.Build.0 = Release|Win32
		{3B2634A7-6031-4794-BFC9-CF90DB78DBD7}.Release|Win32.ActiveCfg = Release|Win32
		{3B2634A7-6031-4794-BFC9-CF90DB78DBD7}.Release|Win32.Build.0 = Release|Win32
		{3B2634A7-6031-4794-BFC9-CF90DB78DBD7}.Release|x64.ActiveCfg = Release|Win32
		{DD9D8F30-CC13-4615-B8A0-0EE03FAD1C03}.Debug|Any CPU.ActiveCfg = Debug|Win32
		{DD9D8F30-CC13-4615-B8A0-0EE03FAD1C03}.Debug|Mixed Platforms.ActiveCfg = Debug|Win32
		{DD9D8F30-CC13-4615-B8A0-0EE03FAD1C03}.Debug|Mixed Platforms.Build.0 = Debug|Win32
		{DD9D8F30-CC13-4615-B8A0-0EE03FAD1C03}.Debug|Win32.ActiveCfg = Debug|Win32
		{DD9D8F30-CC13-4615-B8A0-0EE03FAD1C03}.Debug|Win32.Build.0 = Debug|Win32
		{DD9D8F30-CC13-4615-B8A0-0EE03FAD1C03}.Debug|x64.ActiveCfg = Debug|Win32
		{DD9D8F30-CC13-4615-B8A0-0EE03FAD1C03}.Release|Any CPU.ActiveCfg = Release|Win32
		{DD9D8F30-CC13-4615-B8A0-0EE03FAD1C03}.Release|Mixed Platforms.ActiveCfg = Release|Win32
		{DD9D8F30-CC13-4615-B8A0-0EE03FAD1C03}.Release|Mixed Platforms.Build.0 = Release|Win32
		{DD9D8F30-CC13-4615-B8A0-0EE03FAD1C03}.Release|Win32.ActiveCfg = Release|Win32
		{DD9D8F30-CC13-4615-B8A0-0EE03FAD1C03}.Release|Win32.Build.0 = Release|Win32
		{DD9D8F30-CC13-4615-B8A0-0EE03FAD1C03}.Release|x64.ActiveCfg = Release|Win32
		{8E9E64AC-EFB7-418C-8391-FC0B5BDEAC96}.Debug|Any CPU.ActiveCfg = Debug|Win32
		{8E9E64AC-EFB7-418C-8391-FC0B5BDEAC96}.Debug|Mixed Platforms.ActiveCfg = Debug|Win32
		{8E9E64AC-EFB7-418C-8391-FC0B5BDEAC96}.Debug|Mixed Platforms.Build.0 = Debug|Win32
		{8E9E64AC-EFB7-418C-8391-FC0B5BDEAC96}.Debug|Win32.ActiveCfg = Debug|Win32
		{8E9E64AC-EFB7-418C-8391-FC0B5BDEAC96}.Debug|Win32.Build.0 = Debug|Win32
		{8E9E64AC-EFB7-418C-8391-FC0B5BDEAC96}.Debug|x64.ActiveCfg = Debug|Win32
		{8E9E64AC-EFB7-418C-8391-FC0B5BDEAC96}.Release|Any CPU.ActiveCfg = Release|Win32
		{8E9E64AC-EFB7-418C-8391-FC0B5BDEAC96}.Release|Mixed Platforms.ActiveCfg = Release|Win32
		{8E9E64AC-EFB7-418C-8391-FC0B5BDEAC96}.Release|Mixed Platforms.Build.0 = Release|Win32
		{8E9E64AC-EFB7-418C-8391-FC0B5BDEAC96}.Release|Win32.ActiveCfg = Release|Win32
		{8E9E64AC-EFB7-418C-8391-FC0B5BDEAC96}.Release|Win32.Build.0 = Release|Win32
		{8E9E64AC-EFB7-418C-8391-FC0B5BDEAC96}.Release|x64.ActiveCfg = Release|Win32
		{C7A403D4-79E9-4434-BE37-0928C950F177}.Debug|Any CPU.ActiveCfg = Debug|Win32
		{C7A403D4-79E9-4434-BE37-0928C950F177}.Debug|Mixed Platforms.ActiveCfg = Debug|Win32
		{C7A403D4-79E9-4434-BE37-0928C950F177}.Debug|Mixed Platforms.Build.0 = Debug|Win32
		{C7A403D4-79E9-4434-BE37-0928C950F177}.Debug|Win32.ActiveCfg = Debug|Win32
		{C7A403D4-79E9-4434-BE37-0928C950F177}.Debug|Win32.Build.0 = Debug|Win32
		{C7A403D4-79E9-4434-BE37-0928C950F177}.Debug|x64.ActiveCfg = Debug|Win32
		{C7A403D4-79E9-4434-BE37-0928C950F177}.Release|Any CPU.ActiveCfg = Release|Win32
		{C7A403D4-79E9-4434-BE37-0928C950F177}.Release|Mixed Platforms.ActiveCfg = Release|Win32
		{C7A403D4-79E9-4434-BE37-0928C950F177}.Release|Mixed Platforms.Build.0 = Release|Win32
		{C7A403D4-79E9-4434-BE37-0928C950F177}.Release|Win32.ActiveCfg = Release|Win32
		{C7A403D4-79E9-4434-BE37-0928C950F177}.Release|Win32.Build.0 = Release|Win32
		{C7A403D4-79E9-4434-BE37-0928C950F177}.Release|x64.ActiveCfg = Release|Win32
		{17F25E36-ECFA-41B9-8695-F6D5306D38D7}.Debug|Any CPU.ActiveCfg = Debug|Win32
		{17F25E36-ECFA-41B9-8695-F6D5306D38D7}.Debug|Mixed Platforms.ActiveCfg = Debug|Win32
		{17F25E36-ECFA-41B9-8695-F6D5306D38D7}.Debug|Mixed Platforms.Build.0 = Debug|Win32
		{17F25E36-ECFA-41B9-8695-F6D5306D38D7}.Debug|Win32.ActiveCfg = Debug|Win32
		{17F25E36-ECFA-41B9-8695-F6D5306D38D7}.Debug|Win32.Build.0 = Debug|Win32
		{17F25E36-ECFA-41B9-8695-F6D5306D38D7}.Debug|x64.ActiveCfg = Debug|x64
		{17F25E36-ECFA-41B9-8695-F6D5306D38D7}.Debug|x64.Build.0 = Debug|x64
		{17F25E36-ECFA-41B9-8695-F6D5306D38D7}.Release|Any CPU.ActiveCfg = Release|Win32
		{17F25E36-ECFA-41B9-8695-F6D5306D38D7}.Release|Mixed Platforms.ActiveCfg = Release|Win32
		{17F25E36-ECFA-41B9-8695-F6D5306D38D7}.Release|Mixed Platforms.Build.0 = Release|Win32
		{17F25E36-ECFA-41B9-8695-F6D5306D38D7}.Release|Win32.ActiveCfg = Release|Win32
		{17F25E36-ECFA-41B9-8695-F6D5306D38D7}.Release|Win32.Build.0 = Release|Win32
		{17F25E36-ECFA-41B9-8695-F6D5306D38D7}.Release|x64.ActiveCfg = Release|x64
		{17F25E36-ECFA-41B9-8695-F6D5306D38D7}.Release|x64.Build.0 = Release|x64
		{083E9353-D751-4E77-8310-E637D76C03C9}.Debug|Any CPU.ActiveCfg = Debug|Win32
		{083E9353-D751-4E77-8310-E637D76C03C9}.Debug|Mixed Platforms.ActiveCfg = Debug|Win32
		{083E9353-D751-4E77-8310-E637D76C03C9}.Debug|Mixed Platforms.Build.0 = Debug|Win32
		{083E9353-D751-4E77-8310-E637D76C03C9}.Debug|Win32.ActiveCfg = Debug|Win32
		{083E9353-D751-4E77-8310-E637D76C03C9}.Debug|Win32.Build.0 = Debug|Win32
		{083E9353-D751-4E77-8310-E637D76C03C9}.Debug|x64.ActiveCfg = Debug|x64
		{083E9353-D751-4E77-8310-E637D76C03C9}.Debug|x64.Build.0 = Debug|x64
		{083E9353-D751-4E77-8310-E637D76C03C9}.Release|Any CPU.ActiveCfg = Release|Win32
		{083E9353-D751-4E77-8310-E637D76C03C9}.Release|Mixed Platforms.ActiveCfg = Release|Win32
		{083E9353-D751-4E77-8310-E637D76C03C9}.Release|Mixed Platforms.Build.0 = Release|Win32
		{083E9353-D751-4E77-8310-E637D76C03C9}.Release|Win32.ActiveCfg = Release|Win32
		{083E9353-D751-4E77-8310-E637D76C03C9}.Release|Win32.Build.0 = Release|Win32
		{083E9353-D751-4E77-8310-E637D76C03C9}.Release|x64.ActiveCfg = Release|x64
		{083E9353-D751-4E77-8310-E637D76C03C9}.Release|x64.Build.0 = Release|x64
		{DA8AF69D-BDA0-42C2-8689-F1497AF6FCBC}.Debug|Any CPU.ActiveCfg = Debug|Win32
		{DA8AF69D-BDA0-42C2-8689-F1497AF6FCBC}.Debug|Mixed Platforms.ActiveCfg = Debug|Win32
		{DA8AF69D-BDA0-42C2-8689-F1497AF6FCBC}.Debug|Mixed Platforms.Build.0 = Debug|Win32
		{DA8AF69D-BDA0-42C2-8689-F1497AF6FCBC}.Debug|Win32.ActiveCfg = Debug|Win32
		{DA8AF69D-BDA0-42C2-8689-F1497AF6FCBC}.Debug|Win32.Build.0 = Debug|Win32
		{DA8AF69D-BDA0-42C2-8689-F1497AF6FCBC}.Debug|x64.ActiveCfg = Debug|x64
		{DA8AF69D-BDA0-42C2-8689-F1497AF6FCBC}.Debug|x64.Build.0 = Debug|x64
		{DA8AF69D-BDA0-42C2-8689-F1497AF6FCBC}.Release|Any CPU.ActiveCfg = Release|Win32
		{DA8AF69D-BDA0-42C2-8689-F1497AF6FCBC}.Release|Mixed Platforms.ActiveCfg = Release|Win32
		{DA8AF69D-BDA0-42C2-8689-F1497AF6FCBC}.Release|Mixed Platforms.Build.0 = Release|Win32
		{DA8AF69D-BDA0-42C2-8689-F1497AF6FCBC}.Release|Win32.ActiveCfg = Release|Win32
		{DA8AF69D-BDA0-42C2-8689-F1497AF6FCBC}.Release|Win32.Build.0 = Release|Win32
		{DA8AF69D-BDA0-42C2-8689-F1497AF6FCBC}.Release|x64.ActiveCfg = Release|x64
		{DA8AF69D-BDA0-42C2-8689-F1497AF6FCBC}.Release|x64.Build.0 = Release|x64
	EndGlobalSection
	GlobalSection(SolutionProperties) = preSolution
		HideSolutionNode = FALSE
	EndGlobalSection
	GlobalSection(ExtensibilityGlobals) = postSolution
		SolutionGuid = {DD46CB38-FEBF-4E8E-866F-DC51D71ACC43}
	EndGlobalSection
EndGlobal
