<?xml version="1.0" encoding="utf-8"?>
<Project ToolsVersion="4.0" xmlns="http://schemas.microsoft.com/developer/msbuild/2003">
  <ItemGroup>
    <Filter Include="源文件">
      <UniqueIdentifier>{4FC737F1-C7A5-4376-A066-2A32D752A2FF}</UniqueIdentifier>
      <Extensions>cpp;c;cc;cxx;def;odl;idl;hpj;bat;asm;asmx</Extensions>
    </Filter>
    <Filter Include="头文件">
      <UniqueIdentifier>{93995380-89BD-4b04-88EB-625FBE52EBFB}</UniqueIdentifier>
      <Extensions>h;hh;hpp;hxx;hm;inl;inc;ipp;xsd</Extensions>
    </Filter>
    <Filter Include="资源文件">
      <UniqueIdentifier>{67DA6AB6-F800-4c08-8B7A-83BB121AAD01}</UniqueIdentifier>
      <Extensions>rc;ico;cur;bmp;dlg;rc2;rct;bin;rgs;gif;jpg;jpeg;jpe;resx;tiff;tif;png;wav;mfcribbon-ms</Extensions>
    </Filter>
  </ItemGroup>
  <ItemGroup>
    <ClCompile Include="14. 多线程实现并行计算.cpp">
      <Filter>源文件</Filter>
    </ClCompile>
    <ClCompile Include="11. 条件变量.cpp">
      <Filter>源文件</Filter>
    </ClCompile>
    <ClCompile Include="9. 多线程通信future.cpp">
      <Filter>源文件</Filter>
    </ClCompile>
    <ClCompile Include="8. 成员函数构建多线程.cpp">
      <Filter>源文件</Filter>
    </ClCompile>
    <ClCompile Include="6. lambda 表达式与多线程.cpp">
      <Filter>源文件</Filter>
    </ClCompile>
    <ClCompile Include="5. 原子变量与线程安全.cpp">
      <Filter>源文件</Filter>
    </ClCompile>
    <ClCompile Include="4. 多线程的join 和detach.cpp">
      <Filter>源文件</Filter>
    </ClCompile>
    <ClCompile Include="1.C++多线程初步.cpp">
      <Filter>源文件</Filter>
    </ClCompile>
    <ClCompile Include="2. 线程冻结与解冻调试.cpp">
      <Filter>源文件</Filter>
    </ClCompile>
    <ClCompile Include="练习2. 迅雷面试题.cpp">
      <Filter>源文件</Filter>
    </ClCompile>
    <ClCompile Include="练习8.多线程实现生产者、消费者.cpp">
      <Filter>源文件</Filter>
    </ClCompile>
    <ClCompile Include="demo02_锁对象lock_guard使用.cpp">
      <Filter>源文件</Filter>
    </ClCompile>
    <ClCompile Include="demo03_锁对象unique_lock使用.cpp">
      <Filter>源文件</Filter>
    </ClCompile>
    <ClCompile Include="demo01_C++11锁对象介绍.cpp">
      <Filter>源文件</Filter>
    </ClCompile>
  </ItemGroup>
</Project>